
Microsoft Visual Studio Solution File, Format Version 12.00
# Visual Studio 2013
VisualStudioVersion = 12.0.21005.1
MinimumVisualStudioVersion = 10.0.40219.1
Project("{FAE04EC0-301F-11D3-BF4B-00C04F79EFBC}") = "ProyectoP5", "ProyectoP5\ProyectoP5.csproj", "{E0F88B70-29B4-4195-829B-57FA8D2EE1D4}"
EndProject
Project("{FAE04EC0-301F-11D3-BF4B-00C04F79EFBC}") = "ProyectoP5.Tests", "ProyectoP5.Tests\ProyectoP5.Tests.csproj", "{DFFFE69E-EC44-4815-A99D-D80243195349}"
EndProject
Project("{2150E333-8FDC-42A3-9474-1A3956D46DE8}") = "BACKEND", "BACKEND", "{D34CB6A6-6B0F-4AB8-BE01-935CD160E31E}"
EndProject
Project("{2150E333-8FDC-42A3-9474-1A3956D46DE8}") = "FRONTEND", "FRONTEND", "{CE1C97DF-CE52-478A-93D2-EE506557B41A}"
EndProject
Project("{FAE04EC0-301F-11D3-BF4B-00C04F79EFBC}") = "DAL", "DAL\DAL.csproj", "{D7B7B6A0-D22A-4A5F-B871-FB3E155608AE}"
EndProject
Project("{FAE04EC0-301F-11D3-BF4B-00C04F79EFBC}") = "BLL", "BLL\BLL.csproj", "{B4E488AB-6CEB-410F-B7D8-5F6613B1749C}"
EndProject
Project("{FAE04EC0-301F-11D3-BF4B-00C04F79EFBC}") = "UnitTest", "UnitTest\UnitTest.csproj", "{4D4272D5-BE69-4139-AD49-D3F8AE051675}"
EndProject
Global
	GlobalSection(SolutionConfigurationPlatforms) = preSolution
		Debug|Any CPU = Debug|Any CPU
		Release|Any CPU = Release|Any CPU
	EndGlobalSection
	GlobalSection(ProjectConfigurationPlatforms) = postSolution
		{E0F88B70-29B4-4195-829B-57FA8D2EE1D4}.Debug|Any CPU.ActiveCfg = Debug|Any CPU
		{E0F88B70-29B4-4195-829B-57FA8D2EE1D4}.Debug|Any CPU.Build.0 = Debug|Any CPU
		{E0F88B70-29B4-4195-829B-57FA8D2EE1D4}.Release|Any CPU.ActiveCfg = Release|Any CPU
		{E0F88B70-29B4-4195-829B-57FA8D2EE1D4}.Release|Any CPU.Build.0 = Release|Any CPU
		{DFFFE69E-EC44-4815-A99D-D80243195349}.Debug|Any CPU.ActiveCfg = Debug|Any CPU
		{DFFFE69E-EC44-4815-A99D-D80243195349}.Debug|Any CPU.Build.0 = Debug|Any CPU
		{DFFFE69E-EC44-4815-A99D-D80243195349}.Release|Any CPU.ActiveCfg = Release|Any CPU
		{DFFFE69E-EC44-4815-A99D-D80243195349}.Release|Any CPU.Build.0 = Release|Any CPU
		{D7B7B6A0-D22A-4A5F-B871-FB3E155608AE}.Debug|Any CPU.ActiveCfg = Debug|Any CPU
		{D7B7B6A0-D22A-4A5F-B871-FB3E155608AE}.Debug|Any CPU.Build.0 = Debug|Any CPU
		{D7B7B6A0-D22A-4A5F-B871-FB3E155608AE}.Release|Any CPU.ActiveCfg = Release|Any CPU
		{D7B7B6A0-D22A-4A5F-B871-FB3E155608AE}.Release|Any CPU.Build.0 = Release|Any CPU
		{B4E488AB-6CEB-410F-B7D8-5F6613B1749C}.Debug|Any CPU.ActiveCfg = Debug|Any CPU
		{B4E488AB-6CEB-410F-B7D8-5F6613B1749C}.Debug|Any CPU.Build.0 = Debug|Any CPU
		{B4E488AB-6CEB-410F-B7D8-5F6613B1749C}.Release|Any CPU.ActiveCfg = Release|Any CPU
		{B4E488AB-6CEB-410F-B7D8-5F6613B1749C}.Release|Any CPU.Build.0 = Release|Any CPU
		{4D4272D5-BE69-4139-AD49-D3F8AE051675}.Debug|Any CPU.ActiveCfg = Debug|Any CPU
		{4D4272D5-BE69-4139-AD49-D3F8AE051675}.Debug|Any CPU.Build.0 = Debug|Any CPU
		{4D4272D5-BE69-4139-AD49-D3F8AE051675}.Release|Any CPU.ActiveCfg = Release|Any CPU
		{4D4272D5-BE69-4139-AD49-D3F8AE051675}.Release|Any CPU.Build.0 = Release|Any CPU
	EndGlobalSection
	GlobalSection(SolutionProperties) = preSolution
		HideSolutionNode = FALSE
	EndGlobalSection
	GlobalSection(NestedProjects) = preSolution
		{E0F88B70-29B4-4195-829B-57FA8D2EE1D4} = {CE1C97DF-CE52-478A-93D2-EE506557B41A}
		{DFFFE69E-EC44-4815-A99D-D80243195349} = {D34CB6A6-6B0F-4AB8-BE01-935CD160E31E}
		{D7B7B6A0-D22A-4A5F-B871-FB3E155608AE} = {D34CB6A6-6B0F-4AB8-BE01-935CD160E31E}
		{B4E488AB-6CEB-410F-B7D8-5F6613B1749C} = {D34CB6A6-6B0F-4AB8-BE01-935CD160E31E}
		{4D4272D5-BE69-4139-AD49-D3F8AE051675} = {D34CB6A6-6B0F-4AB8-BE01-935CD160E31E}
	EndGlobalSection
EndGlobal
